
Microsoft Visual Studio Solution File, Format Version 12.00
# Visual Studio Version 17
VisualStudioVersion = 17.6.33815.320
MinimumVisualStudioVersion = 10.0.40219.1
Project("{FAE04EC0-301F-11D3-BF4B-00C04F79EFBC}") = "assign15", "assign15.csproj", "{863727B1-3232-49CC-9214-A201DE730034}"
EndProject
Global
	GlobalSection(SolutionConfigurationPlatforms) = preSolution
		Debug|Any CPU = Debug|Any CPU
		Release|Any CPU = Release|Any CPU
	EndGlobalSection
	GlobalSection(ProjectConfigurationPlatforms) = postSolution
		{863727B1-3232-49CC-9214-A201DE730034}.Debug|Any CPU.ActiveCfg = Debug|Any CPU
		{863727B1-3232-49CC-9214-A201DE730034}.Debug|Any CPU.Build.0 = Debug|Any CPU
		{863727B1-3232-49CC-9214-A201DE730034}.Release|Any CPU.ActiveCfg = Release|Any CPU
		{863727B1-3232-49CC-9214-A201DE730034}.Release|Any CPU.Build.0 = Release|Any CPU
	EndGlobalSection
	GlobalSection(SolutionProperties) = preSolution
		HideSolutionNode = FALSE
	EndGlobalSection
	GlobalSection(ExtensibilityGlobals) = postSolution
		SolutionGuid = {F293F7F1-2407-4ED8-BB89-201B5C4B5225}
	EndGlobalSection
EndGlobal
